Microsoft Visual Studio Solution File, Format Version 12.00
# Visual Studio Version 17
VisualStudioVersion = 17.5.2.0
MinimumVisualStudioVersion = 10.0.40219.1
Project("{2150E333-8FDC-42A3-9474-1A3956D46DE8}") = "youtube", "youtube", "{7573E4A4-6689-7319-7328-FBF17DC2301E}"
EndProject
Project("{2150E333-8FDC-42A3-9474-1A3956D46DE8}") = "example-voting-app-main", "example-voting-app-main", "{9728FC7D-FE86-093B-9FE7-F4D58581DA44}"
EndProject
Project("{FAE04EC0-301F-11D3-BF4B-00C04F79EFBC}") = "Worker", "youtube\example-voting-app-main\worker\Worker.csproj", "{36A0649F-C8D2-9478-3047-6EB91AADAE03}"
EndProject
Global
	GlobalSection(SolutionConfigurationPlatforms) = preSolution
		Debug|Any CPU = Debug|Any CPU
		Release|Any CPU = Release|Any CPU
	EndGlobalSection
	GlobalSection(ProjectConfigurationPlatforms) = postSolution
		{36A0649F-C8D2-9478-3047-6EB91AADAE03}.Debug|Any CPU.ActiveCfg = Debug|Any CPU
		{36A0649F-C8D2-9478-3047-6EB91AADAE03}.Debug|Any CPU.Build.0 = Debug|Any CPU
		{36A0649F-C8D2-9478-3047-6EB91AADAE03}.Release|Any CPU.ActiveCfg = Release|Any CPU
		{36A0649F-C8D2-9478-3047-6EB91AADAE03}.Release|Any CPU.Build.0 = Release|Any CPU
	EndGlobalSection
	GlobalSection(SolutionProperties) = preSolution
		HideSolutionNode = FALSE
	EndGlobalSection
	GlobalSection(NestedProjects) = preSolution
		{9728FC7D-FE86-093B-9FE7-F4D58581DA44} = {7573E4A4-6689-7319-7328-FBF17DC2301E}
		{36A0649F-C8D2-9478-3047-6EB91AADAE03} = {9728FC7D-FE86-093B-9FE7-F4D58581DA44}
	EndGlobalSection
	GlobalSection(ExtensibilityGlobals) = postSolution
		SolutionGuid = {B84EE283-2020-4779-BF4D-596CDD0F45F1}
	EndGlobalSection
EndGlobal
